// !$*UTF8*$!
{
	archiveVersion = 1;
	classes = {
	};
	objectVersion = 53;
	objects = {

/* Begin PBXBuildFile section */
		2A2EBF8F1D98873000745704 /* AppDelegate.swift in Sources */ = {isa = PBXBuildFile; fileRef = 2A2EBF8E1D98873000745704 /* AppDelegate.swift */; };
		2A2EBF911D98873000745704 /* TextViewController.swift in Sources */ = {isa = PBXBuildFile; fileRef = 2A2EBF901D98873000745704 /* TextViewController.swift */; };
		2A2EBF931D98873000745704 /* Document.swift in Sources */ = {isa = PBXBuildFile; fileRef = 2A2EBF921D98873000745704 /* Document.swift */; };
		2A2EBF951D98873000745704 /* Assets.xcassets in Resources */ = {isa = PBXBuildFile; fileRef = 2A2EBF941D98873000745704 /* Assets.xcassets */; };
		2A2EBF981D98873000745704 /* Main.storyboard in Resources */ = {isa = PBXBuildFile; fileRef = 2A2EBF961D98873000745704 /* Main.storyboard */; };
		2A401FEE1D9D804300ACE036 /* Utilities.swift in Sources */ = {isa = PBXBuildFile; fileRef = 2A401FED1D9D804300ACE036 /* Utilities.swift */; };
		2ACF62EE1DA661630063D684 /* WindowController.swift in Sources */ = {isa = PBXBuildFile; fileRef = 2ACF62ED1DA661630063D684 /* WindowController.swift */; };
/* End PBXBuildFile section */

/* Begin PBXFileReference section */
		2A2EBF8B1D98873000745704 /* PlainEdit.app */ = {isa = PBXFileReference; explicitFileType = wrapper.application; includeInIndex = 0; path = PlainEdit.app; sourceTree = BUILT_PRODUCTS_DIR; };
		2A2EBF8E1D98873000745704 /* AppDelegate.swift */ = {isa = PBXFileReference; lastKnownFileType = sourcecode.swift; path = AppDelegate.swift; sourceTree = "<group>"; };
		2A2EBF901D98873000745704 /* TextViewController.swift */ = {isa = PBXFileReference; lastKnownFileType = sourcecode.swift; path = TextViewController.swift; sourceTree = "<group>"; };
		2A2EBF921D98873000745704 /* Document.swift */ = {isa = PBXFileReference; lastKnownFileType = sourcecode.swift; path = Document.swift; sourceTree = "<group>"; };
		2A2EBF941D98873000745704 /* Assets.xcassets */ = {isa = PBXFileReference; lastKnownFileType = folder.assetcatalog; path = Assets.xcassets; sourceTree = "<group>"; };
		2A2EBF971D98873000745704 /* Base */ = {isa = PBXFileReference; lastKnownFileType = file.storyboard; name = Base; path = Base.lproj/Main.storyboard; sourceTree = "<group>"; };
		2A2EBF991D98873000745704 /* Info.plist */ = {isa = PBXFileReference; lastKnownFileType = text.plist.xml; path = Info.plist; sourceTree = "<group>"; };
		2A401FED1D9D804300ACE036 /* Utilities.swift */ = {isa = PBXFileReference; fileEncoding = 4; lastKnownFileType = sourcecode.swift; path = Utilities.swift; sourceTree = "<group>"; };
		2ACF62ED1DA661630063D684 /* WindowController.swift */ = {isa = PBXFileReference; fileEncoding = 4; lastKnownFileType = sourcecode.swift; path = WindowController.swift; sourceTree = "<group>"; };
/* End PBXFileReference section */

/* Begin PBXGroup section */
		2A2EBF821D98873000745704 = {
			isa = PBXGroup;
			children = (
				2A2EBF8D1D98873000745704 /* PlainTextEditor */,
				2A2EBF8C1D98873000745704 /* Products */,
			);
			sourceTree = "<group>";
		};
		2A2EBF8C1D98873000745704 /* Products */ = {
			isa = PBXGroup;
			children = (
				2A2EBF8B1D98873000745704 /* PlainEdit.app */,
			);
			name = Products;
			sourceTree = "<group>";
		};
		2A2EBF8D1D98873000745704 /* PlainTextEditor */ = {
			isa = PBXGroup;
			children = (
				2A2EBF8E1D98873000745704 /* AppDelegate.swift */,
				2A2EBF921D98873000745704 /* Document.swift */,
				2ACF62ED1DA661630063D684 /* WindowController.swift */,
				2A2EBF901D98873000745704 /* TextViewController.swift */,
				2A401FED1D9D804300ACE036 /* Utilities.swift */,
				2A2EBF941D98873000745704 /* Assets.xcassets */,
				2A2EBF961D98873000745704 /* Main.storyboard */,
				2A2EBF991D98873000745704 /* Info.plist */,
			);
			name = PlainTextEditor;
			path = PlainEdit;
			sourceTree = "<group>";
		};
/* End PBXGroup section */

/* Begin PBXNativeTarget section */
		2A2EBF8A1D98873000745704 /* PlainEdit */ = {
			isa = PBXNativeTarget;
			buildConfigurationList = 2A2EBF9C1D98873000745704 /* Build configuration list for PBXNativeTarget "PlainEdit" */;
			buildPhases = (
				2A2EBF871D98873000745704 /* Sources */,
				2A2EBF891D98873000745704 /* Resources */,
			);
			buildRules = (
			);
			dependencies = (
			);
			name = PlainEdit;
			productName = PlainTextEditor;
			productReference = 2A2EBF8B1D98873000745704 /* PlainEdit.app */;
			productType = "com.apple.product-type.application";
		};
/* End PBXNativeTarget section */

/* Begin PBXProject section */
		2A2EBF831D98873000745704 /* Project object */ = {
			isa = PBXProject;
			attributes = {
				LastSwiftUpdateCheck = 0800;
				LastUpgradeCheck = 1140;
				ORGANIZATIONNAME = 1024jp;
				TargetAttributes = {
					2A2EBF8A1D98873000745704 = {
						CreatedOnToolsVersion = 8.0;
						LastSwiftMigration = 1020;
						ProvisioningStyle = Automatic;
					};
				};
			};
			buildConfigurationList = 2A2EBF861D98873000745704 /* Build configuration list for PBXProject "PlainEdit" */;
			compatibilityVersion = "Xcode 11.4";
			developmentRegion = en;
			hasScannedForEncodings = 0;
			knownRegions = (
				en,
				Base,
			);
			mainGroup = 2A2EBF821D98873000745704;
			productRefGroup = 2A2EBF8C1D98873000745704 /* Products */;
			projectDirPath = "";
			projectRoot = "";
			targets = (
				2A2EBF8A1D98873000745704 /* PlainEdit */,
			);
		};
/* End PBXProject section */

/* Begin PBXResourcesBuildPhase section */
		2A2EBF891D98873000745704 /* Resources */ = {
			isa = PBXResourcesBuildPhase;
			buildActionMask = 2147483647;
			files = (
				2A2EBF951D98873000745704 /* Assets.xcassets in Resources */,
				2A2EBF981D98873000745704 /* Main.storyboard in Resources */,
			);
			runOnlyForDeploymentPostprocessing = 0;
		};
/* End PBXResourcesBuildPhase section */

/* Begin PBXSourcesBuildPhase section */
		2A2EBF871D98873000745704 /* Sources */ = {
			isa = PBXSourcesBuildPhase;
			buildActionMask = 2147483647;
			files = (
				2A401FEE1D9D804300ACE036 /* Utilities.swift in Sources */,
				2ACF62EE1DA661630063D684 /* WindowController.swift in Sources */,
				2A2EBF911D98873000745704 /* TextViewController.swift in Sources */,
				2A2EBF8F1D98873000745704 /* AppDelegate.swift in Sources */,
				2A2EBF931D98873000745704 /* Document.swift in Sources */,
			);
			runOnlyForDeploymentPostprocessing = 0;
		};
/* End PBXSourcesBuildPhase section */

/* Begin PBXVariantGroup section */
		2A2EBF961D98873000745704 /* Main.storyboard */ = {
			isa = PBXVariantGroup;
			children = (
				2A2EBF971D98873000745704 /* Base */,
			);
			name = Main.storyboard;
			sourceTree = "<group>";
		};
/* End PBXVariantGroup section */

/* Begin XCBuildConfiguration section */
		2A2EBF9A1D98873000745704 /* Debug */ = {
			isa = XCBuildConfiguration;
			buildSettings = {
				ALWAYS_SEARCH_USER_PATHS = NO;
				CLANG_ANALYZER_LOCALIZABILITY_NONLOCALIZED = YES;
				CLANG_ANALYZER_NONNULL = YES;
				CLANG_CXX_LANGUAGE_STANDARD = "gnu++0x";
				CLANG_CXX_LIBRARY = "libc++";
				CLANG_ENABLE_MODULES = YES;
				CLANG_ENABLE_OBJC_ARC = YES;
				CLANG_WARN_BLOCK_CAPTURE_AUTORELEASING = YES;
				CLANG_WARN_BOOL_CONVERSION = YES;
				CLANG_WARN_COMMA = YES;
				CLANG_WARN_CONSTANT_CONVERSION = YES;
				CLANG_WARN_DEPRECATED_OBJC_IMPLEMENTATIONS = YES;
				CLANG_WARN_DIRECT_OBJC_ISA_USAGE = YES_ERROR;
				CLANG_WARN_DOCUMENTATION_COMMENTS = YES;
				CLANG_WARN_EMPTY_BODY = YES;
				CLANG_WARN_ENUM_CONVERSION = YES;
				CLANG_WARN_INFINITE_RECURSION = YES;
				CLANG_WARN_INT_CONVERSION = YES;
				CLANG_WARN_NON_LITERAL_NULL_CONVERSION = YES;
				CLANG_WARN_OBJC_IMPLICIT_RETAIN_SELF = YES;
				CLANG_WARN_OBJC_LITERAL_CONVERSION = YES;
				CLANG_WARN_OBJC_ROOT_CLASS = YES_ERROR;
				CLANG_WARN_RANGE_LOOP_ANALYSIS = YES;
				CLANG_WARN_STRICT_PROTOTYPES = YES;
				CLANG_WARN_SUSPICIOUS_MOVE = YES;
				CLANG_WARN_SUSPICIOUS_MOVES = YES;
				CLANG_WARN_UNREACHABLE_CODE = YES;
				CLANG_WARN__DUPLICATE_METHOD_MATCH = YES;
				CODE_SIGN_IDENTITY = "-";
				COMBINE_HIDPI_IMAGES = YES;
				COPY_PHASE_STRIP = NO;
				DEBUG_INFORMATION_FORMAT = dwarf;
				ENABLE_HARDENED_RUNTIME = YES;
				ENABLE_STRICT_OBJC_MSGSEND = YES;
				ENABLE_TESTABILITY = YES;
				GCC_C_LANGUAGE_STANDARD = gnu99;
				GCC_DYNAMIC_NO_PIC = NO;
				GCC_NO_COMMON_BLOCKS = YES;
				GCC_OPTIMIZATION_LEVEL = 0;
				GCC_PREPROCESSOR_DEFINITIONS = (
					"DEBUG=1",
					"$(inherited)",
				);
				GCC_WARN_64_TO_32_BIT_CONVERSION = YES;
				GCC_WARN_ABOUT_RETURN_TYPE = YES_ERROR;
				GCC_WARN_UNDECLARED_SELECTOR = YES;
				GCC_WARN_UNINITIALIZED_AUTOS = YES_AGGRESSIVE;
				GCC_WARN_UNUSED_FUNCTION = YES;
				GCC_WARN_UNUSED_VARIABLE = YES;
				LD_RUNPATH_SEARCH_PATHS = (
					"$(inherited)",
					"@executable_path/../Frameworks",
				);
				MACOSX_DEPLOYMENT_TARGET = 10.14;
				MTL_ENABLE_DEBUG_INFO = YES;
				ONLY_ACTIVE_ARCH = YES;
				SDKROOT = macosx;
				SWIFT_ACTIVE_COMPILATION_CONDITIONS = DEBUG;
				SWIFT_OPTIMIZATION_LEVEL = "-Onone";
				SWIFT_VERSION = 5.0;
			};
			name = Debug;
		};
		2A2EBF9B1D98873000745704 /* Release */ = {
			isa = XCBuildConfiguration;
			buildSettings = {
				ALWAYS_SEARCH_USER_PATHS = NO;
				CLANG_ANALYZER_LOCALIZABILITY_NONLOCALIZED = YES;
				CLANG_ANALYZER_NONNULL = YES;
				CLANG_CXX_LANGUAGE_STANDARD = "gnu++0x";
				CLANG_CXX_LIBRARY = "libc++";
				CLANG_ENABLE_MODULES = YES;
				CLANG_ENABLE_OBJC_ARC = YES;
				CLANG_WARN_BLOCK_CAPTURE_AUTORELEASING = YES;
				CLANG_WARN_BOOL_CONVERSION = YES;
				CLANG_WARN_COMMA = YES;
				CLANG_WARN_CONSTANT_CONVERSION = YES;
				CLANG_WARN_DEPRECATED_OBJC_IMPLEMENTATIONS = YES;
				CLANG_WARN_DIRECT_OBJC_ISA_USAGE = YES_ERROR;
				CLANG_WARN_DOCUMENTATION_COMMENTS = YES;
				CLANG_WARN_EMPTY_BODY = YES;
				CLANG_WARN_ENUM_CONVERSION = YES;
				CLANG_WARN_INFINITE_RECURSION = YES;
				CLANG_WARN_INT_CONVERSION = YES;
				CLANG_WARN_NON_LITERAL_NULL_CONVERSION = YES;
				CLANG_WARN_OBJC_IMPLICIT_RETAIN_SELF = YES;
				CLANG_WARN_OBJC_LITERAL_CONVERSION = YES;
				CLANG_WARN_OBJC_ROOT_CLASS = YES_ERROR;
				CLANG_WARN_RANGE_LOOP_ANALYSIS = YES;
				CLANG_WARN_STRICT_PROTOTYPES = YES;
				CLANG_WARN_SUSPICIOUS_MOVE = YES;
				CLANG_WARN_SUSPICIOUS_MOVES = YES;
				CLANG_WARN_UNREACHABLE_CODE = YES;
				CLANG_WARN__DUPLICATE_METHOD_MATCH = YES;
				CODE_SIGN_IDENTITY = "-";
				COMBINE_HIDPI_IMAGES = YES;
				COPY_PHASE_STRIP = NO;
				DEBUG_INFORMATION_FORMAT = "dwarf-with-dsym";
				ENABLE_HARDENED_RUNTIME = YES;
				ENABLE_NS_ASSERTIONS = NO;
				ENABLE_STRICT_OBJC_MSGSEND = YES;
				GCC_C_LANGUAGE_STANDARD = gnu99;
				GCC_NO_COMMON_BLOCKS = YES;
				GCC_WARN_64_TO_32_BIT_CONVERSION = YES;
				GCC_WARN_ABOUT_RETURN_TYPE = YES_ERROR;
				GCC_WARN_UNDECLARED_SELECTOR = YES;
				GCC_WARN_UNINITIALIZED_AUTOS = YES_AGGRESSIVE;
				GCC_WARN_UNUSED_FUNCTION = YES;
				GCC_WARN_UNUSED_VARIABLE = YES;
				LD_RUNPATH_SEARCH_PATHS = (
					"$(inherited)",
					"@executable_path/../Frameworks",
				);
				MACOSX_DEPLOYMENT_TARGET = 10.14;
				MTL_ENABLE_DEBUG_INFO = NO;
				SDKROOT = macosx;
				SWIFT_COMPILATION_MODE = wholemodule;
				SWIFT_OPTIMIZATION_LEVEL = "-O";
				SWIFT_VERSION = 5.0;
			};
			name = Release;
		};
		2A2EBF9D1D98873000745704 /* Debug */ = {
			isa = XCBuildConfiguration;
			buildSettings = {
				ASSETCATALOG_COMPILER_APPICON_NAME = AppIcon;
				INFOPLIST_FILE = PlainEdit/Info.plist;
				PRODUCT_BUNDLE_IDENTIFIER = com.wolfrosch.PlainEdit;
				PRODUCT_NAME = "$(TARGET_NAME)";
			};
			name = Debug;
		};
		2A2EBF9E1D98873000745704 /* Release */ = {
			isa = XCBuildConfiguration;
			buildSettings = {
				ASSETCATALOG_COMPILER_APPICON_NAME = AppIcon;
				INFOPLIST_FILE = PlainEdit/Info.plist;
				PRODUCT_BUNDLE_IDENTIFIER = com.wolfrosch.PlainEdit;
				PRODUCT_NAME = "$(TARGET_NAME)";
			};
			name = Release;
		};
/* End XCBuildConfiguration section */

/* Begin XCConfigurationList section */
		2A2EBF861D98873000745704 /* Build configuration list for PBXProject "PlainEdit" */ = {
			isa = XCConfigurationList;
			buildConfigurations = (
				2A2EBF9A1D98873000745704 /* Debug */,
				2A2EBF9B1D98873000745704 /* Release */,
			);
			defaultConfigurationIsVisible = 0;
			defaultConfigurationName = Release;
		};
		2A2EBF9C1D98873000745704 /* Build configuration list for PBXNativeTarget "PlainEdit" */ = {
			isa = XCConfigurationList;
			buildConfigurations = (
				2A2EBF9D1D98873000745704 /* Debug */,
				2A2EBF9E1D98873000745704 /* Release */,
			);
			defaultConfigurationIsVisible = 0;
			defaultConfigurationName = Release;
		};
/* End XCConfigurationList section */
	};
	rootObject = 2A2EBF831D98873000745704 /* Project object */;
}
